{
  "name": "csharp-models-to-typescript",
  "version": "0.23.0",
  "lockfileVersion": 2,
  "requires": true,
  "packages": {
    "": {
      "name": "csharp-models-to-typescript",
      "version": "0.23.0",
      "license": "MIT",
      "dependencies": {
        "camelcase": "^6.0.0"
      },
      "bin": {
        "csharp-models-to-typescript": "index.js"
      },
      "engines": {
        "node": ">=6.0.0"
      }
    },
    "node_modules/camelcase": {
      "version": "6.0.0",
      "resolved": "https://registry.npmjs.org/camelcase/-/camelcase-6.0.0.tgz",
      "integrity": "sha512-8KMDF1Vz2gzOq54ONPJS65IvTUaB1cHJ2DMM7MbPmLZljDH1qpzzLsWdiN9pHh6qvkRVDTi/07+eNGch/oLU4w==",
      "engines": {
        "node": ">=10"
      },
      "funding": {
        "url": "https://github.com/sponsors/sindresorhus"
      }
    }
  },
  "dependencies": {
    "camelcase": {
      "version": "6.0.0",
      "resolved": "https://registry.npmjs.org/camelcase/-/camelcase-6.0.0.tgz",
      "integrity": "sha512-8KMDF1Vz2gzOq54ONPJS65IvTUaB1cHJ2DMM7MbPmLZljDH1qpzzLsWdiN9pHh6qvkRVDTi/07+eNGch/oLU4w=="
    }
  }
}
