
Microsoft Visual Studio Solution File, Format Version 12.00
# Visual Studio 15
VisualStudioVersion = 15.0.28307.329
MinimumVisualStudioVersion = 10.0.40219.1
Project("{9A19103F-16F7-4668-BE54-9A1E7A4F7556}") = "csharp-models-to-json", "csharp-models-to-json\csharp-models-to-json.csproj", "{3AAA62CF-17C0-4FB2-B497-3F0C41317212}"
EndProject
Project("{9A19103F-16F7-4668-BE54-9A1E7A4F7556}") = "csharp-models-to-json_test", "csharp-models-to-json_test\csharp-models-to-json_test.csproj", "{DA7E9941-9590-47B9-B776-E4B1901D184E}"
EndProject
Global
	GlobalSection(SolutionConfigurationPlatforms) = preSolution
		Debug|Any CPU = Debug|Any CPU
		Release|Any CPU = Release|Any CPU
	EndGlobalSection
	GlobalSection(ProjectConfigurationPlatforms) = postSolution
		{3AAA62CF-17C0-4FB2-B497-3F0C41317212}.Debug|Any CPU.ActiveCfg = Debug|Any CPU
		{3AAA62CF-17C0-4FB2-B497-3F0C41317212}.Debug|Any CPU.Build.0 = Debug|Any CPU
		{3AAA62CF-17C0-4FB2-B497-3F0C41317212}.Release|Any CPU.ActiveCfg = Release|Any CPU
		{3AAA62CF-17C0-4FB2-B497-3F0C41317212}.Release|Any CPU.Build.0 = Release|Any CPU
		{DA7E9941-9590-47B9-B776-E4B1901D184E}.Debug|Any CPU.ActiveCfg = Debug|Any CPU
		{DA7E9941-9590-47B9-B776-E4B1901D184E}.Debug|Any CPU.Build.0 = Debug|Any CPU
		{DA7E9941-9590-47B9-B776-E4B1901D184E}.Release|Any CPU.ActiveCfg = Release|Any CPU
		{DA7E9941-9590-47B9-B776-E4B1901D184E}.Release|Any CPU.Build.0 = Release|Any CPU
	EndGlobalSection
	GlobalSection(SolutionProperties) = preSolution
		HideSolutionNode = FALSE
	EndGlobalSection
	GlobalSection(ExtensibilityGlobals) = postSolution
		SolutionGuid = {595C3FD4-0414-4DAC-A0FB-F5C6728072FC}
	EndGlobalSection
EndGlobal
